{
  "name": "novoparceiros",
  "version": "1.0.0",
  "lockfileVersion": 3,
  "requires": true,
  "packages": {
    "": {
      "name": "novoparceiros",
      "version": "1.0.0",
      "license": "ISC",
      "dependencies": {
        "@fancyapps/ui": "^5.0.36",
        "animate.css": "^4.1.1",
        "jquery": "^3.7.1",
        "materialize-css": "^1.0.0",
        "sweetalert2": "^11.15.10"
      }
    },
    "node_modules/@fancyapps/ui": {
      "version": "5.0.36",
      "resolved": "https://registry.npmjs.org/@fancyapps/ui/-/ui-5.0.36.tgz",
      "integrity": "sha512-GMygQzp1MBTFNTT6AzpbL6pXTD6bTxwjmmpI1fe8Ozmmiseu8/g82Sudl1YhcbZmS4bJgaBOF5THDFGpXQ1fDw==",
      "license": "SEE LICENSE IN LICENSE.md"
    },
    "node_modules/animate.css": {
      "version": "4.1.1",
      "resolved": "https://registry.npmjs.org/animate.css/-/animate.css-4.1.1.tgz",
      "integrity": "sha512-+mRmCTv6SbCmtYJCN4faJMNFVNN5EuCTTprDTAo7YzIGji2KADmakjVA3+8mVDkZ2Bf09vayB35lSQIex2+QaQ==",
      "license": "MIT"
    },
    "node_modules/jquery": {
      "version": "3.7.1",
      "resolved": "https://registry.npmjs.org/jquery/-/jquery-3.7.1.tgz",
      "integrity": "sha512-m4avr8yL8kmFN8psrbFFFmB/If14iN5o9nw/NgnnM+kybDJpRsAynV2BsfpTYrTRysYUdADVD7CkUUizgkpLfg==",
      "license": "MIT"
    },
    "node_modules/materialize-css": {
      "version": "1.0.0",
      "resolved": "https://registry.npmjs.org/materialize-css/-/materialize-css-1.0.0.tgz",
      "integrity": "sha512-4/oecXl8y/1i8RDZvyvwAICyqwNoKU4or5uf8uoAd74k76KzZ0Llym4zhJ5lLNUskcqjO0AuMcvNyDkpz8Z6zw==",
      "license": "MIT"
    },
    "node_modules/sweetalert2": {
      "version": "11.17.2",
      "resolved": "https://registry.npmjs.org/sweetalert2/-/sweetalert2-11.17.2.tgz",
      "integrity": "sha512-HKxDr1IyV3Lxr3W6sb61qm/p2epFIEdr5EKwteRFHnIg6f8nHFl2kX++DBVz16Mac+fFiU3hMpjq1L6yE2Ge5w==",
      "license": "MIT",
      "funding": {
        "type": "individual",
        "url": "https://github.com/sponsors/limonte"
      }
    }
  }
}
